
Microsoft Visual Studio Solution File, Format Version 12.00
# Visual Studio Version 16
VisualStudioVersion = 16.0.30225.117
MinimumVisualStudioVersion = 10.0.40219.1
Project("{9A19103F-16F7-4668-BE54-9A1E7A4F7556}") = "KampIntro", "KampIntro\KampIntro.csproj", "{D7E6FA0B-372C-4F9D-9747-3D6AA8F003B1}"
EndProject
Project("{9A19103F-16F7-4668-BE54-9A1E7A4F7556}") = "Donguler", "Donguler\Donguler.csproj", "{34279DDD-DF80-4E4E-A4AB-A6A9CF8F723D}"
EndProject
Project("{9A19103F-16F7-4668-BE54-9A1E7A4F7556}") = "ClassIntro", "ClassIntro\ClassIntro.csproj", "{4197259B-5814-4BD5-8D17-56542CE6E763}"
EndProject
Project("{9A19103F-16F7-4668-BE54-9A1E7A4F7556}") = "Methods", "Methods\Methods.csproj", "{21D5D8F4-EF04-4CC4-8CFA-3A81173B2C16}"
EndProject
Project("{9A19103F-16F7-4668-BE54-9A1E7A4F7556}") = "Matematik", "Matematik\Matematik.csproj", "{01981A21-39A9-42E5-8D29-EF866C9A8D5D}"
EndProject
Project("{9A19103F-16F7-4668-BE54-9A1E7A4F7556}") = "DegerVeReferansTip", "DegerVeReferansTip\DegerVeReferansTip.csproj", "{1E3D721A-ED2C-474B-BDB4-125A4CA7338E}"
EndProject
Project("{9A19103F-16F7-4668-BE54-9A1E7A4F7556}") = "ClassMetotDemo", "ClassMetotDemo\ClassMetotDemo.csproj", "{F4841329-E407-4F1D-AAE1-FD0E4EBC061E}"
EndProject
Project("{9A19103F-16F7-4668-BE54-9A1E7A4F7556}") = "OOP1", "OOP1\OOP1.csproj", "{A4F62BB3-1372-4813-AD6D-5CA83553125B}"
EndProject
Project("{9A19103F-16F7-4668-BE54-9A1E7A4F7556}") = "Koleksiyonlar", "Koleksiyonlar\Koleksiyonlar.csproj", "{A537D0A2-4283-425E-B780-7F64F5DE0F2B}"
EndProject
Project("{9A19103F-16F7-4668-BE54-9A1E7A4F7556}") = "GenericsIntro", "GenericsIntro\GenericsIntro.csproj", "{CF88C4C1-0598-4CFB-B7B4-C77E77E77A4E}"
EndProject
Project("{9A19103F-16F7-4668-BE54-9A1E7A4F7556}") = "DictionaryOdev", "DictionaryOdev\DictionaryOdev.csproj", "{E3E70D4D-BEA0-4BCD-8919-93A4DEA481DB}"
EndProject
Project("{9A19103F-16F7-4668-BE54-9A1E7A4F7556}") = "OOP2", "OOP2\OOP2.csproj", "{39749B13-53DF-4686-8B31-12A573BB3EDA}"
EndProject
Project("{9A19103F-16F7-4668-BE54-9A1E7A4F7556}") = "OOP3", "OOP3\OOP3.csproj", "{6F4DED90-D4A7-4007-B50E-63E95075E79B}"
EndProject
Project("{FAE04EC0-301F-11D3-BF4B-00C04F79EFBC}") = "ODEV5", "ODEV5\ODEV5.csproj", "{8EA214BC-1D58-43E0-A36A-E3BF3422C113}"
EndProject
Global
	GlobalSection(SolutionConfigurationPlatforms) = preSolution
		Debug|Any CPU = Debug|Any CPU
		Release|Any CPU = Release|Any CPU
	EndGlobalSection
	GlobalSection(ProjectConfigurationPlatforms) = postSolution
		{D7E6FA0B-372C-4F9D-9747-3D6AA8F003B1}.Debug|Any CPU.ActiveCfg = Debug|Any CPU
		{D7E6FA0B-372C-4F9D-9747-3D6AA8F003B1}.Debug|Any CPU.Build.0 = Debug|Any CPU
		{D7E6FA0B-372C-4F9D-9747-3D6AA8F003B1}.Release|Any CPU.ActiveCfg = Release|Any CPU
		{D7E6FA0B-372C-4F9D-9747-3D6AA8F003B1}.Release|Any CPU.Build.0 = Release|Any CPU
		{34279DDD-DF80-4E4E-A4AB-A6A9CF8F723D}.Debug|Any CPU.ActiveCfg = Debug|Any CPU
		{34279DDD-DF80-4E4E-A4AB-A6A9CF8F723D}.Debug|Any CPU.Build.0 = Debug|Any CPU
		{34279DDD-DF80-4E4E-A4AB-A6A9CF8F723D}.Release|Any CPU.ActiveCfg = Release|Any CPU
		{34279DDD-DF80-4E4E-A4AB-A6A9CF8F723D}.Release|Any CPU.Build.0 = Release|Any CPU
		{4197259B-5814-4BD5-8D17-56542CE6E763}.Debug|Any CPU.ActiveCfg = Debug|Any CPU
		{4197259B-5814-4BD5-8D17-56542CE6E763}.Debug|Any CPU.Build.0 = Debug|Any CPU
		{4197259B-5814-4BD5-8D17-56542CE6E763}.Release|Any CPU.ActiveCfg = Release|Any CPU
		{4197259B-5814-4BD5-8D17-56542CE6E763}.Release|Any CPU.Build.0 = Release|Any CPU
		{21D5D8F4-EF04-4CC4-8CFA-3A81173B2C16}.Debug|Any CPU.ActiveCfg = Debug|Any CPU
		{21D5D8F4-EF04-4CC4-8CFA-3A81173B2C16}.Debug|Any CPU.Build.0 = Debug|Any CPU
		{21D5D8F4-EF04-4CC4-8CFA-3A81173B2C16}.Release|Any CPU.ActiveCfg = Release|Any CPU
		{21D5D8F4-EF04-4CC4-8CFA-3A81173B2C16}.Release|Any CPU.Build.0 = Release|Any CPU
		{01981A21-39A9-42E5-8D29-EF866C9A8D5D}.Debug|Any CPU.ActiveCfg = Debug|Any CPU
		{01981A21-39A9-42E5-8D29-EF866C9A8D5D}.Debug|Any CPU.Build.0 = Debug|Any CPU
		{01981A21-39A9-42E5-8D29-EF866C9A8D5D}.Release|Any CPU.ActiveCfg = Release|Any CPU
		{01981A21-39A9-42E5-8D29-EF866C9A8D5D}.Release|Any CPU.Build.0 = Release|Any CPU
		{1E3D721A-ED2C-474B-BDB4-125A4CA7338E}.Debug|Any CPU.ActiveCfg = Debug|Any CPU
		{1E3D721A-ED2C-474B-BDB4-125A4CA7338E}.Debug|Any CPU.Build.0 = Debug|Any CPU
		{1E3D721A-ED2C-474B-BDB4-125A4CA7338E}.Release|Any CPU.ActiveCfg = Release|Any CPU
		{1E3D721A-ED2C-474B-BDB4-125A4CA7338E}.Release|Any CPU.Build.0 = Release|Any CPU
		{F4841329-E407-4F1D-AAE1-FD0E4EBC061E}.Debug|Any CPU.ActiveCfg = Debug|Any CPU
		{F4841329-E407-4F1D-AAE1-FD0E4EBC061E}.Debug|Any CPU.Build.0 = Debug|Any CPU
		{F4841329-E407-4F1D-AAE1-FD0E4EBC061E}.Release|Any CPU.ActiveCfg = Release|Any CPU
		{F4841329-E407-4F1D-AAE1-FD0E4EBC061E}.Release|Any CPU.Build.0 = Release|Any CPU
		{A4F62BB3-1372-4813-AD6D-5CA83553125B}.Debug|Any CPU.ActiveCfg = Debug|Any CPU
		{A4F62BB3-1372-4813-AD6D-5CA83553125B}.Debug|Any CPU.Build.0 = Debug|Any CPU
		{A4F62BB3-1372-4813-AD6D-5CA83553125B}.Release|Any CPU.ActiveCfg = Release|Any CPU
		{A4F62BB3-1372-4813-AD6D-5CA83553125B}.Release|Any CPU.Build.0 = Release|Any CPU
		{A537D0A2-4283-425E-B780-7F64F5DE0F2B}.Debug|Any CPU.ActiveCfg = Debug|Any CPU
		{A537D0A2-4283-425E-B780-7F64F5DE0F2B}.Debug|Any CPU.Build.0 = Debug|Any CPU
		{A537D0A2-4283-425E-B780-7F64F5DE0F2B}.Release|Any CPU.ActiveCfg = Release|Any CPU
		{A537D0A2-4283-425E-B780-7F64F5DE0F2B}.Release|Any CPU.Build.0 = Release|Any CPU
		{CF88C4C1-0598-4CFB-B7B4-C77E77E77A4E}.Debug|Any CPU.ActiveCfg = Debug|Any CPU
		{CF88C4C1-0598-4CFB-B7B4-C77E77E77A4E}.Debug|Any CPU.Build.0 = Debug|Any CPU
		{CF88C4C1-0598-4CFB-B7B4-C77E77E77A4E}.Release|Any CPU.ActiveCfg = Release|Any CPU
		{CF88C4C1-0598-4CFB-B7B4-C77E77E77A4E}.Release|Any CPU.Build.0 = Release|Any CPU
		{E3E70D4D-BEA0-4BCD-8919-93A4DEA481DB}.Debug|Any CPU.ActiveCfg = Debug|Any CPU
		{E3E70D4D-BEA0-4BCD-8919-93A4DEA481DB}.Debug|Any CPU.Build.0 = Debug|Any CPU
		{E3E70D4D-BEA0-4BCD-8919-93A4DEA481DB}.Release|Any CPU.ActiveCfg = Release|Any CPU
		{E3E70D4D-BEA0-4BCD-8919-93A4DEA481DB}.Release|Any CPU.Build.0 = Release|Any CPU
		{39749B13-53DF-4686-8B31-12A573BB3EDA}.Debug|Any CPU.ActiveCfg = Debug|Any CPU
		{39749B13-53DF-4686-8B31-12A573BB3EDA}.Debug|Any CPU.Build.0 = Debug|Any CPU
		{39749B13-53DF-4686-8B31-12A573BB3EDA}.Release|Any CPU.ActiveCfg = Release|Any CPU
		{39749B13-53DF-4686-8B31-12A573BB3EDA}.Release|Any CPU.Build.0 = Release|Any CPU
		{6F4DED90-D4A7-4007-B50E-63E95075E79B}.Debug|Any CPU.ActiveCfg = Debug|Any CPU
		{6F4DED90-D4A7-4007-B50E-63E95075E79B}.Debug|Any CPU.Build.0 = Debug|Any CPU
		{6F4DED90-D4A7-4007-B50E-63E95075E79B}.Release|Any CPU.ActiveCfg = Release|Any CPU
		{6F4DED90-D4A7-4007-B50E-63E95075E79B}.Release|Any CPU.Build.0 = Release|Any CPU
		{8EA214BC-1D58-43E0-A36A-E3BF3422C113}.Debug|Any CPU.ActiveCfg = Debug|Any CPU
		{8EA214BC-1D58-43E0-A36A-E3BF3422C113}.Debug|Any CPU.Build.0 = Debug|Any CPU
		{8EA214BC-1D58-43E0-A36A-E3BF3422C113}.Release|Any CPU.ActiveCfg = Release|Any CPU
		{8EA214BC-1D58-43E0-A36A-E3BF3422C113}.Release|Any CPU.Build.0 = Release|Any CPU
	EndGlobalSection
	GlobalSection(SolutionProperties) = preSolution
		HideSolutionNode = FALSE
	EndGlobalSection
	GlobalSection(ExtensibilityGlobals) = postSolution
		SolutionGuid = {2CA17459-E61A-488F-9E10-7948169806F7}
	EndGlobalSection
EndGlobal
